// !$*UTF8*$!
{
	archiveVersion = 1;
	classes = {
	};
	objectVersion = 48;
	objects = {

/* Begin PBXBuildFile section */
		6A7FBFFF5BA4E5E82F6D0110 /* Pods_BadgeBarButtonExample.framework in Frameworks */ = {isa = PBXBuildFile; fileRef = 5B6919644F09809C1D71858D /* Pods_BadgeBarButtonExample.framework */; };
		BCEEB15A20320C9D0022C37B /* AppDelegate.swift in Sources */ = {isa = PBXBuildFile; fileRef = BCEEB15920320C9D0022C37B /* AppDelegate.swift */; };
		BCEEB15C20320C9D0022C37B /* ViewController.swift in Sources */ = {isa = PBXBuildFile; fileRef = BCEEB15B20320C9D0022C37B /* ViewController.swift */; };
		BCEEB15F20320C9D0022C37B /* Main.storyboard in Resources */ = {isa = PBXBuildFile; fileRef = BCEEB15D20320C9D0022C37B /* Main.storyboard */; };
		BCEEB16120320C9D0022C37B /* Assets.xcassets in Resources */ = {isa = PBXBuildFile; fileRef = BCEEB16020320C9D0022C37B /* Assets.xcassets */; };
		BCEEB16420320C9D0022C37B /* LaunchScreen.storyboard in Resources */ = {isa = PBXBuildFile; fileRef = BCEEB16220320C9D0022C37B /* LaunchScreen.storyboard */; };
		BCEEB16F2032383D0022C37B /* NGSBadgeBarButton.podspec in Resources */ = {isa = PBXBuildFile; fileRef = BCEEB16E2032383D0022C37B /* NGSBadgeBarButton.podspec */; };
/* End PBXBuildFile section */

/* Begin PBXFileReference section */
		3D9D3CB36C6FCDEC744024C8 /* Pods-BadgeBarButtonExample.release.xcconfig */ = {isa = PBXFileReference; includeInIndex = 1; lastKnownFileType = text.xcconfig; name = "Pods-BadgeBarButtonExample.release.xcconfig"; path = "Pods/Target Support Files/Pods-BadgeBarButtonExample/Pods-BadgeBarButtonExample.release.xcconfig"; sourceTree = "<group>"; };
		5B6919644F09809C1D71858D /* Pods_BadgeBarButtonExample.framework */ = {isa = PBXFileReference; explicitFileType = wrapper.framework; includeInIndex = 0; path = Pods_BadgeBarButtonExample.framework; sourceTree = BUILT_PRODUCTS_DIR; };
		BCEEB15620320C9D0022C37B /* BadgeBarButtonExample.app */ = {isa = PBXFileReference; explicitFileType = wrapper.application; includeInIndex = 0; path = BadgeBarButtonExample.app; sourceTree = BUILT_PRODUCTS_DIR; };
		BCEEB15920320C9D0022C37B /* AppDelegate.swift */ = {isa = PBXFileReference; lastKnownFileType = sourcecode.swift; path = AppDelegate.swift; sourceTree = "<group>"; };
		BCEEB15B20320C9D0022C37B /* ViewController.swift */ = {isa = PBXFileReference; lastKnownFileType = sourcecode.swift; path = ViewController.swift; sourceTree = "<group>"; };
		BCEEB15E20320C9D0022C37B /* Base */ = {isa = PBXFileReference; lastKnownFileType = file.storyboard; name = Base; path = Base.lproj/Main.storyboard; sourceTree = "<group>"; };
		BCEEB16020320C9D0022C37B /* Assets.xcassets */ = {isa = PBXFileReference; lastKnownFileType = folder.assetcatalog; path = Assets.xcassets; sourceTree = "<group>"; };
		BCEEB16320320C9D0022C37B /* Base */ = {isa = PBXFileReference; lastKnownFileType = file.storyboard; name = Base; path = Base.lproj/LaunchScreen.storyboard; sourceTree = "<group>"; };
		BCEEB16520320C9D0022C37B /* Info.plist */ = {isa = PBXFileReference; lastKnownFileType = text.plist.xml; path = Info.plist; sourceTree = "<group>"; };
		BCEEB16E2032383D0022C37B /* NGSBadgeBarButton.podspec */ = {isa = PBXFileReference; fileEncoding = 4; lastKnownFileType = text; name = NGSBadgeBarButton.podspec; path = ../../NGSBadgeBarButton.podspec; sourceTree = "<group>"; };
		E0D004A826FE28E6DA093E6F /* Pods-BadgeBarButtonExample.debug.xcconfig */ = {isa = PBXFileReference; includeInIndex = 1; lastKnownFileType = text.xcconfig; name = "Pods-BadgeBarButtonExample.debug.xcconfig"; path = "Pods/Target Support Files/Pods-BadgeBarButtonExample/Pods-BadgeBarButtonExample.debug.xcconfig"; sourceTree = "<group>"; };
/* End PBXFileReference section */

/* Begin PBXFrameworksBuildPhase section */
		BCEEB15320320C9D0022C37B /* Frameworks */ = {
			isa = PBXFrameworksBuildPhase;
			buildActionMask = 2147483647;
			files = (
				6A7FBFFF5BA4E5E82F6D0110 /* Pods_BadgeBarButtonExample.framework in Frameworks */,
			);
			runOnlyForDeploymentPostprocessing = 0;
		};
/* End PBXFrameworksBuildPhase section */

/* Begin PBXGroup section */
		02B49F1C69FA8183F72F7100 /* Frameworks */ = {
			isa = PBXGroup;
			children = (
				5B6919644F09809C1D71858D /* Pods_BadgeBarButtonExample.framework */,
			);
			name = Frameworks;
			sourceTree = "<group>";
		};
		97B05AE73FA64AA0A0D63ECA /* Pods */ = {
			isa = PBXGroup;
			children = (
				E0D004A826FE28E6DA093E6F /* Pods-BadgeBarButtonExample.debug.xcconfig */,
				3D9D3CB36C6FCDEC744024C8 /* Pods-BadgeBarButtonExample.release.xcconfig */,
			);
			name = Pods;
			sourceTree = "<group>";
		};
		BCEEB14D20320C9D0022C37B = {
			isa = PBXGroup;
			children = (
				BCEEB15820320C9D0022C37B /* BadgeBarButtonExample */,
				BCEEB15720320C9D0022C37B /* Products */,
				97B05AE73FA64AA0A0D63ECA /* Pods */,
				02B49F1C69FA8183F72F7100 /* Frameworks */,
			);
			sourceTree = "<group>";
		};
		BCEEB15720320C9D0022C37B /* Products */ = {
			isa = PBXGroup;
			children = (
				BCEEB15620320C9D0022C37B /* BadgeBarButtonExample.app */,
			);
			name = Products;
			sourceTree = "<group>";
		};
		BCEEB15820320C9D0022C37B /* BadgeBarButtonExample */ = {
			isa = PBXGroup;
			children = (
				BCEEB16E2032383D0022C37B /* NGSBadgeBarButton.podspec */,
				BCEEB15920320C9D0022C37B /* AppDelegate.swift */,
				BCEEB15B20320C9D0022C37B /* ViewController.swift */,
				BCEEB15D20320C9D0022C37B /* Main.storyboard */,
				BCEEB16020320C9D0022C37B /* Assets.xcassets */,
				BCEEB16220320C9D0022C37B /* LaunchScreen.storyboard */,
				BCEEB16520320C9D0022C37B /* Info.plist */,
			);
			path = BadgeBarButtonExample;
			sourceTree = "<group>";
		};
/* End PBXGroup section */

/* Begin PBXNativeTarget section */
		BCEEB15520320C9D0022C37B /* BadgeBarButtonExample */ = {
			isa = PBXNativeTarget;
			buildConfigurationList = BCEEB16820320C9D0022C37B /* Build configuration list for PBXNativeTarget "BadgeBarButtonExample" */;
			buildPhases = (
				A8A5E8B0AF828F5D824E2E6F /* [CP] Check Pods Manifest.lock */,
				BCEEB15220320C9D0022C37B /* Sources */,
				BCEEB15320320C9D0022C37B /* Frameworks */,
				BCEEB15420320C9D0022C37B /* Resources */,
				EEA2C45526B15D190631E885 /* [CP] Embed Pods Frameworks */,
				879E1A46CA96AB4498D1F223 /* [CP] Copy Pods Resources */,
			);
			buildRules = (
			);
			dependencies = (
			);
			name = BadgeBarButtonExample;
			productName = BadgeBarButtonExample;
			productReference = BCEEB15620320C9D0022C37B /* BadgeBarButtonExample.app */;
			productType = "com.apple.product-type.application";
		};
/* End PBXNativeTarget section */

/* Begin PBXProject section */
		BCEEB14E20320C9D0022C37B /* Project object */ = {
			isa = PBXProject;
			attributes = {
				LastSwiftUpdateCheck = 0920;
				LastUpgradeCheck = 0920;
				ORGANIZATIONNAME = "New Guy Studio";
				TargetAttributes = {
					BCEEB15520320C9D0022C37B = {
						CreatedOnToolsVersion = 9.2;
						ProvisioningStyle = Automatic;
					};
				};
			};
			buildConfigurationList = BCEEB15120320C9D0022C37B /* Build configuration list for PBXProject "BadgeBarButtonExample" */;
			compatibilityVersion = "Xcode 8.0";
			developmentRegion = en;
			hasScannedForEncodings = 0;
			knownRegions = (
				en,
				Base,
			);
			mainGroup = BCEEB14D20320C9D0022C37B;
			productRefGroup = BCEEB15720320C9D0022C37B /* Products */;
			projectDirPath = "";
			projectRoot = "";
			targets = (
				BCEEB15520320C9D0022C37B /* BadgeBarButtonExample */,
			);
		};
/* End PBXProject section */

/* Begin PBXResourcesBuildPhase section */
		BCEEB15420320C9D0022C37B /* Resources */ = {
			isa = PBXResourcesBuildPhase;
			buildActionMask = 2147483647;
			files = (
				BCEEB16420320C9D0022C37B /* LaunchScreen.storyboard in Resources */,
				BCEEB16F2032383D0022C37B /* NGSBadgeBarButton.podspec in Resources */,
				BCEEB16120320C9D0022C37B /* Assets.xcassets in Resources */,
				BCEEB15F20320C9D0022C37B /* Main.storyboard in Resources */,
			);
			runOnlyForDeploymentPostprocessing = 0;
		};
/* End PBXResourcesBuildPhase section */

/* Begin PBXShellScriptBuildPhase section */
		879E1A46CA96AB4498D1F223 /* [CP] Copy Pods Resources */ = {
			isa = PBXShellScriptBuildPhase;
			buildActionMask = 2147483647;
			files = (
			);
			inputPaths = (
			);
			name = "[CP] Copy Pods Resources";
			outputPaths = (
			);
			runOnlyForDeploymentPostprocessing = 0;
			shellPath = /bin/sh;
			shellScript = "\"${SRCROOT}/Pods/Target Support Files/Pods-BadgeBarButtonExample/Pods-BadgeBarButtonExample-resources.sh\"\n";
			showEnvVarsInLog = 0;
		};
		A8A5E8B0AF828F5D824E2E6F /* [CP] Check Pods Manifest.lock */ = {
			isa = PBXShellScriptBuildPhase;
			buildActionMask = 2147483647;
			files = (
			);
			inputPaths = (
				"${PODS_PODFILE_DIR_PATH}/Podfile.lock",
				"${PODS_ROOT}/Manifest.lock",
			);
			name = "[CP] Check Pods Manifest.lock";
			outputPaths = (
				"$(DERIVED_FILE_DIR)/Pods-BadgeBarButtonExample-checkManifestLockResult.txt",
			);
			runOnlyForDeploymentPostprocessing = 0;
			shellPath = /bin/sh;
			shellScript = "diff \"${PODS_PODFILE_DIR_PATH}/Podfile.lock\" \"${PODS_ROOT}/Manifest.lock\" > /dev/null\nif [ $? != 0 ] ; then\n    # print error to STDERR\n    echo \"error: The sandbox is not in sync with the Podfile.lock. Run 'pod install' or update your CocoaPods installation.\" >&2\n    exit 1\nfi\n# This output is used by Xcode 'outputs' to avoid re-running this script phase.\necho \"SUCCESS\" > \"${SCRIPT_OUTPUT_FILE_0}\"\n";
			showEnvVarsInLog = 0;
		};
		EEA2C45526B15D190631E885 /* [CP] Embed Pods Frameworks */ = {
			isa = PBXShellScriptBuildPhase;
			buildActionMask = 2147483647;
			files = (
			);
			inputPaths = (
				"${SRCROOT}/Pods/Target Support Files/Pods-BadgeBarButtonExample/Pods-BadgeBarButtonExample-frameworks.sh",
				"${BUILT_PRODUCTS_DIR}/NGSBadgeBarButton/NGSBadgeBarButton.framework",
			);
			name = "[CP] Embed Pods Frameworks";
			outputPaths = (
				"${TARGET_BUILD_DIR}/${FRAMEWORKS_FOLDER_PATH}/NGSBadgeBarButton.framework",
			);
			runOnlyForDeploymentPostprocessing = 0;
			shellPath = /bin/sh;
			shellScript = "\"${SRCROOT}/Pods/Target Support Files/Pods-BadgeBarButtonExample/Pods-BadgeBarButtonExample-frameworks.sh\"\n";
			showEnvVarsInLog = 0;
		};
/* End PBXShellScriptBuildPhase section */

/* Begin PBXSourcesBuildPhase section */
		BCEEB15220320C9D0022C37B /* Sources */ = {
			isa = PBXSourcesBuildPhase;
			buildActionMask = 2147483647;
			files = (
				BCEEB15C20320C9D0022C37B /* ViewController.swift in Sources */,
				BCEEB15A20320C9D0022C37B /* AppDelegate.swift in Sources */,
			);
			runOnlyForDeploymentPostprocessing = 0;
		};
/* End PBXSourcesBuildPhase section */

/* Begin PBXVariantGroup section */
		BCEEB15D20320C9D0022C37B /* Main.storyboard */ = {
			isa = PBXVariantGroup;
			children = (
				BCEEB15E20320C9D0022C37B /* Base */,
			);
			name = Main.storyboard;
			sourceTree = "<group>";
		};
		BCEEB16220320C9D0022C37B /* LaunchScreen.storyboard */ = {
			isa = PBXVariantGroup;
			children = (
				BCEEB16320320C9D0022C37B /* Base */,
			);
			name = LaunchScreen.storyboard;
			sourceTree = "<group>";
		};
/* End PBXVariantGroup section */

/* Begin XCBuildConfiguration section */
		BCEEB16620320C9D0022C37B /* Debug */ = {
			isa = XCBuildConfiguration;
			buildSettings = {
				ALWAYS_SEARCH_USER_PATHS = NO;
				CLANG_ANALYZER_NONNULL = YES;
				CLANG_ANALYZER_NUMBER_OBJECT_CONVERSION = YES_AGGRESSIVE;
				CLANG_CXX_LANGUAGE_STANDARD = "gnu++14";
				CLANG_CXX_LIBRARY = "libc++";
				CLANG_ENABLE_MODULES = YES;
				CLANG_ENABLE_OBJC_ARC = YES;
				CLANG_WARN_BLOCK_CAPTURE_AUTORELEASING = YES;
				CLANG_WARN_BOOL_CONVERSION = YES;
				CLANG_WARN_COMMA = YES;
				CLANG_WARN_CONSTANT_CONVERSION = YES;
				CLANG_WARN_DIRECT_OBJC_ISA_USAGE = YES_ERROR;
				CLANG_WARN_DOCUMENTATION_COMMENTS = YES;
				CLANG_WARN_EMPTY_BODY = YES;
				CLANG_WARN_ENUM_CONVERSION = YES;
				CLANG_WARN_INFINITE_RECURSION = YES;
				CLANG_WARN_INT_CONVERSION = YES;
				CLANG_WARN_NON_LITERAL_NULL_CONVERSION = YES;
				CLANG_WARN_OBJC_LITERAL_CONVERSION = YES;
				CLANG_WARN_OBJC_ROOT_CLASS = YES_ERROR;
				CLANG_WARN_RANGE_LOOP_ANALYSIS = YES;
				CLANG_WARN_STRICT_PROTOTYPES = YES;
				CLANG_WARN_SUSPICIOUS_MOVE = YES;
				CLANG_WARN_UNGUARDED_AVAILABILITY = YES_AGGRESSIVE;
				CLANG_WARN_UNREACHABLE_CODE = YES;
				CLANG_WARN__DUPLICATE_METHOD_MATCH = YES;
				CODE_SIGN_IDENTITY = "iPhone Developer";
				COPY_PHASE_STRIP = NO;
				DEBUG_INFORMATION_FORMAT = dwarf;
				ENABLE_STRICT_OBJC_MSGSEND = YES;
				ENABLE_TESTABILITY = YES;
				GCC_C_LANGUAGE_STANDARD = gnu11;
				GCC_DYNAMIC_NO_PIC = NO;
				GCC_NO_COMMON_BLOCKS = YES;
				GCC_OPTIMIZATION_LEVEL = 0;
				GCC_PREPROCESSOR_DEFINITIONS = (
					"DEBUG=1",
					"$(inherited)",
				);
				GCC_WARN_64_TO_32_BIT_CONVERSION = YES;
				GCC_WARN_ABOUT_RETURN_TYPE = YES_ERROR;
				GCC_WARN_UNDECLARED_SELECTOR = YES;
				GCC_WARN_UNINITIALIZED_AUTOS = YES_AGGRESSIVE;
				GCC_WARN_UNUSED_FUNCTION = YES;
				GCC_WARN_UNUSED_VARIABLE = YES;
				IPHONEOS_DEPLOYMENT_TARGET = 11.2;
				MTL_ENABLE_DEBUG_INFO = YES;
				ONLY_ACTIVE_ARCH = YES;
				SDKROOT = iphoneos;
				SWIFT_ACTIVE_COMPILATION_CONDITIONS = DEBUG;
				SWIFT_OPTIMIZATION_LEVEL = "-Onone";
			};
			name = Debug;
		};
		BCEEB16720320C9D0022C37B /* Release */ = {
			isa = XCBuildConfiguration;
			buildSettings = {
				ALWAYS_SEARCH_USER_PATHS = NO;
				CLANG_ANALYZER_NONNULL = YES;
				CLANG_ANALYZER_NUMBER_OBJECT_CONVERSION = YES_AGGRESSIVE;
				CLANG_CXX_LANGUAGE_STANDARD = "gnu++14";
				CLANG_CXX_LIBRARY = "libc++";
				CLANG_ENABLE_MODULES = YES;
				CLANG_ENABLE_OBJC_ARC = YES;
				CLANG_WARN_BLOCK_CAPTURE_AUTORELEASING = YES;
				CLANG_WARN_BOOL_CONVERSION = YES;
				CLANG_WARN_COMMA = YES;
				CLANG_WARN_CONSTANT_CONVERSION = YES;
				CLANG_WARN_DIRECT_OBJC_ISA_USAGE = YES_ERROR;
				CLANG_WARN_DOCUMENTATION_COMMENTS = YES;
				CLANG_WARN_EMPTY_BODY = YES;
				CLANG_WARN_ENUM_CONVERSION = YES;
				CLANG_WARN_INFINITE_RECURSION = YES;
				CLANG_WARN_INT_CONVERSION = YES;
				CLANG_WARN_NON_LITERAL_NULL_CONVERSION = YES;
				CLANG_WARN_OBJC_LITERAL_CONVERSION = YES;
				CLANG_WARN_OBJC_ROOT_CLASS = YES_ERROR;
				CLANG_WARN_RANGE_LOOP_ANALYSIS = YES;
				CLANG_WARN_STRICT_PROTOTYPES = YES;
				CLANG_WARN_SUSPICIOUS_MOVE = YES;
				CLANG_WARN_UNGUARDED_AVAILABILITY = YES_AGGRESSIVE;
				CLANG_WARN_UNREACHABLE_CODE = YES;
				CLANG_WARN__DUPLICATE_METHOD_MATCH = YES;
				CODE_SIGN_IDENTITY = "iPhone Developer";
				COPY_PHASE_STRIP = NO;
				DEBUG_INFORMATION_FORMAT = "dwarf-with-dsym";
				ENABLE_NS_ASSERTIONS = NO;
				ENABLE_STRICT_OBJC_MSGSEND = YES;
				GCC_C_LANGUAGE_STANDARD = gnu11;
				GCC_NO_COMMON_BLOCKS = YES;
				GCC_WARN_64_TO_32_BIT_CONVERSION = YES;
				GCC_WARN_ABOUT_RETURN_TYPE = YES_ERROR;
				GCC_WARN_UNDECLARED_SELECTOR = YES;
				GCC_WARN_UNINITIALIZED_AUTOS = YES_AGGRESSIVE;
				GCC_WARN_UNUSED_FUNCTION = YES;
				GCC_WARN_UNUSED_VARIABLE = YES;
				IPHONEOS_DEPLOYMENT_TARGET = 11.2;
				MTL_ENABLE_DEBUG_INFO = NO;
				SDKROOT = iphoneos;
				SWIFT_OPTIMIZATION_LEVEL = "-Owholemodule";
				VALIDATE_PRODUCT = YES;
			};
			name = Release;
		};
		BCEEB16920320C9D0022C37B /* Debug */ = {
			isa = XCBuildConfiguration;
			baseConfigurationReference = E0D004A826FE28E6DA093E6F /* Pods-BadgeBarButtonExample.debug.xcconfig */;
			buildSettings = {
				ASSETCATALOG_COMPILER_APPICON_NAME = AppIcon;
				CODE_SIGN_STYLE = Automatic;
				DEVELOPMENT_TEAM = TB7D8MNLYX;
				INFOPLIST_FILE = BadgeBarButtonExample/Info.plist;
				LD_RUNPATH_SEARCH_PATHS = "$(inherited) @executable_path/Frameworks";
				PRODUCT_BUNDLE_IDENTIFIER = ngs.demo.BadgeBarButtonExample;
				PRODUCT_NAME = "$(TARGET_NAME)";
				SWIFT_VERSION = 4.0;
				TARGETED_DEVICE_FAMILY = "1,2";
			};
			name = Debug;
		};
		BCEEB16A20320C9D0022C37B /* Release */ = {
			isa = XCBuildConfiguration;
			baseConfigurationReference = 3D9D3CB36C6FCDEC744024C8 /* Pods-BadgeBarButtonExample.release.xcconfig */;
			buildSettings = {
				ASSETCATALOG_COMPILER_APPICON_NAME = AppIcon;
				CODE_SIGN_STYLE = Automatic;
				DEVELOPMENT_TEAM = TB7D8MNLYX;
				INFOPLIST_FILE = BadgeBarButtonExample/Info.plist;
				LD_RUNPATH_SEARCH_PATHS = "$(inherited) @executable_path/Frameworks";
				PRODUCT_BUNDLE_IDENTIFIER = ngs.demo.BadgeBarButtonExample;
				PRODUCT_NAME = "$(TARGET_NAME)";
				SWIFT_VERSION = 4.0;
				TARGETED_DEVICE_FAMILY = "1,2";
			};
			name = Release;
		};
/* End XCBuildConfiguration section */

/* Begin XCConfigurationList section */
		BCEEB15120320C9D0022C37B /* Build configuration list for PBXProject "BadgeBarButtonExample" */ = {
			isa = XCConfigurationList;
			buildConfigurations = (
				BCEEB16620320C9D0022C37B /* Debug */,
				BCEEB16720320C9D0022C37B /* Release */,
			);
			defaultConfigurationIsVisible = 0;
			defaultConfigurationName = Release;
		};
		BCEEB16820320C9D0022C37B /* Build configuration list for PBXNativeTarget "BadgeBarButtonExample" */ = {
			isa = XCConfigurationList;
			buildConfigurations = (
				BCEEB16920320C9D0022C37B /* Debug */,
				BCEEB16A20320C9D0022C37B /* Release */,
			);
			defaultConfigurationIsVisible = 0;
			defaultConfigurationName = Release;
		};
/* End XCConfigurationList section */
	};
	rootObject = BCEEB14E20320C9D0022C37B /* Project object */;
}
